
Microsoft Visual Studio Solution File, Format Version 12.00
# Visual Studio Version 16
VisualStudioVersion = 16.0.31624.102
MinimumVisualStudioVersion = 10.0.40219.1
Project("{FAE04EC0-301F-11D3-BF4B-00C04F79EFBC}") = "HelloGame", "HelloGame\HelloGame.csproj", "{58FE1FDF-6565-4FE4-867C-5B0350A5C86D}"
EndProject
Global
	GlobalSection(SolutionConfigurationPlatforms) = preSolution
		Debug|Any CPU = Debug|Any CPU
		Release|Any CPU = Release|Any CPU
	EndGlobalSection
	GlobalSection(ProjectConfigurationPlatforms) = postSolution
		{58FE1FDF-6565-4FE4-867C-5B0350A5C86D}.Debug|Any CPU.ActiveCfg = Debug|Any CPU
		{58FE1FDF-6565-4FE4-867C-5B0350A5C86D}.Debug|Any CPU.Build.0 = Debug|Any CPU
		{58FE1FDF-6565-4FE4-867C-5B0350A5C86D}.Release|Any CPU.ActiveCfg = Release|Any CPU
		{58FE1FDF-6565-4FE4-867C-5B0350A5C86D}.Release|Any CPU.Build.0 = Release|Any CPU
	EndGlobalSection
	GlobalSection(SolutionProperties) = preSolution
		HideSolutionNode = FALSE
	EndGlobalSection
	GlobalSection(ExtensibilityGlobals) = postSolution
		SolutionGuid = {19FBB6D2-74AD-4DFC-B2BD-DEA11B229C39}
	EndGlobalSection
EndGlobal
